
Microsoft Visual Studio Solution File, Format Version 12.00
# Visual Studio 15
VisualStudioVersion = 15.0.27428.2043
MinimumVisualStudioVersion = 10.0.40219.1
Project("{FAE04EC0-301F-11D3-BF4B-00C04F79EFBC}") = "StockAnalysis.Android", "StockAnalysis\StockAnalysis.Android\StockAnalysis.Android.csproj", "{DC460454-12B3-4AB8-8D4E-4E1F67C24A4A}"
EndProject
Project("{FAE04EC0-301F-11D3-BF4B-00C04F79EFBC}") = "StockAnalysis.UWP", "StockAnalysis\StockAnalysis.UWP\StockAnalysis.UWP.csproj", "{D92C0320-A676-460C-AE98-3899F7C4172C}"
EndProject
Project("{FAE04EC0-301F-11D3-BF4B-00C04F79EFBC}") = "StockAnalysis", "StockAnalysis\StockAnalysis\StockAnalysis.csproj", "{222A5025-A70A-430A-9E11-842BDA2C8D29}"
EndProject
Global
	GlobalSection(SolutionConfigurationPlatforms) = preSolution
		Debug|Any CPU = Debug|Any CPU
		Debug|ARM = Debug|ARM
		Debug|x64 = Debug|x64
		Debug|x86 = Debug|x86
		Release|Any CPU = Release|Any CPU
		Release|ARM = Release|ARM
		Release|x64 = Release|x64
		Release|x86 = Release|x86
	EndGlobalSection
	GlobalSection(ProjectConfigurationPlatforms) = postSolution
		{DC460454-12B3-4AB8-8D4E-4E1F67C24A4A}.Debug|Any CPU.ActiveCfg = Debug|Any CPU
		{DC460454-12B3-4AB8-8D4E-4E1F67C24A4A}.Debug|Any CPU.Build.0 = Debug|Any CPU
		{DC460454-12B3-4AB8-8D4E-4E1F67C24A4A}.Debug|Any CPU.Deploy.0 = Debug|Any CPU
		{DC460454-12B3-4AB8-8D4E-4E1F67C24A4A}.Debug|ARM.ActiveCfg = Debug|Any CPU
		{DC460454-12B3-4AB8-8D4E-4E1F67C24A4A}.Debug|ARM.Build.0 = Debug|Any CPU
		{DC460454-12B3-4AB8-8D4E-4E1F67C24A4A}.Debug|ARM.Deploy.0 = Debug|Any CPU
		{DC460454-12B3-4AB8-8D4E-4E1F67C24A4A}.Debug|x64.ActiveCfg = Debug|Any CPU
		{DC460454-12B3-4AB8-8D4E-4E1F67C24A4A}.Debug|x64.Build.0 = Debug|Any CPU
		{DC460454-12B3-4AB8-8D4E-4E1F67C24A4A}.Debug|x64.Deploy.0 = Debug|Any CPU
		{DC460454-12B3-4AB8-8D4E-4E1F67C24A4A}.Debug|x86.ActiveCfg = Debug|Any CPU
		{DC460454-12B3-4AB8-8D4E-4E1F67C24A4A}.Debug|x86.Build.0 = Debug|Any CPU
		{DC460454-12B3-4AB8-8D4E-4E1F67C24A4A}.Debug|x86.Deploy.0 = Debug|Any CPU
		{DC460454-12B3-4AB8-8D4E-4E1F67C24A4A}.Release|Any CPU.ActiveCfg = Release|Any CPU
		{DC460454-12B3-4AB8-8D4E-4E1F67C24A4A}.Release|Any CPU.Build.0 = Release|Any CPU
		{DC460454-12B3-4AB8-8D4E-4E1F67C24A4A}.Release|Any CPU.Deploy.0 = Release|Any CPU
		{DC460454-12B3-4AB8-8D4E-4E1F67C24A4A}.Release|ARM.ActiveCfg = Release|Any CPU
		{DC460454-12B3-4AB8-8D4E-4E1F67C24A4A}.Release|ARM.Build.0 = Release|Any CPU
		{DC460454-12B3-4AB8-8D4E-4E1F67C24A4A}.Release|ARM.Deploy.0 = Release|Any CPU
		{DC460454-12B3-4AB8-8D4E-4E1F67C24A4A}.Release|x64.ActiveCfg = Release|Any CPU
		{DC460454-12B3-4AB8-8D4E-4E1F67C24A4A}.Release|x64.Build.0 = Release|Any CPU
		{DC460454-12B3-4AB8-8D4E-4E1F67C24A4A}.Release|x64.Deploy.0 = Release|Any CPU
		{DC460454-12B3-4AB8-8D4E-4E1F67C24A4A}.Release|x86.ActiveCfg = Release|Any CPU
		{DC460454-12B3-4AB8-8D4E-4E1F67C24A4A}.Release|x86.Build.0 = Release|Any CPU
		{DC460454-12B3-4AB8-8D4E-4E1F67C24A4A}.Release|x86.Deploy.0 = Release|Any CPU
		{D92C0320-A676-460C-AE98-3899F7C4172C}.Debug|Any CPU.ActiveCfg = Debug|x86
		{D92C0320-A676-460C-AE98-3899F7C4172C}.Debug|ARM.ActiveCfg = Debug|ARM
		{D92C0320-A676-460C-AE98-3899F7C4172C}.Debug|ARM.Build.0 = Debug|ARM
		{D92C0320-A676-460C-AE98-3899F7C4172C}.Debug|ARM.Deploy.0 = Debug|ARM
		{D92C0320-A676-460C-AE98-3899F7C4172C}.Debug|x64.ActiveCfg = Debug|x64
		{D92C0320-A676-460C-AE98-3899F7C4172C}.Debug|x64.Build.0 = Debug|x64
		{D92C0320-A676-460C-AE98-3899F7C4172C}.Debug|x64.Deploy.0 = Debug|x64
		{D92C0320-A676-460C-AE98-3899F7C4172C}.Debug|x86.ActiveCfg = Debug|x86
		{D92C0320-A676-460C-AE98-3899F7C4172C}.Debug|x86.Build.0 = Debug|x86
		{D92C0320-A676-460C-AE98-3899F7C4172C}.Debug|x86.Deploy.0 = Debug|x86
		{D92C0320-A676-460C-AE98-3899F7C4172C}.Release|Any CPU.ActiveCfg = Release|x86
		{D92C0320-A676-460C-AE98-3899F7C4172C}.Release|ARM.ActiveCfg = Release|ARM
		{D92C0320-A676-460C-AE98-3899F7C4172C}.Release|ARM.Build.0 = Release|ARM
		{D92C0320-A676-460C-AE98-3899F7C4172C}.Release|ARM.Deploy.0 = Release|ARM
		{D92C0320-A676-460C-AE98-3899F7C4172C}.Release|x64.ActiveCfg = Release|x64
		{D92C0320-A676-460C-AE98-3899F7C4172C}.Release|x64.Build.0 = Release|x64
		{D92C0320-A676-460C-AE98-3899F7C4172C}.Release|x64.Deploy.0 = Release|x64
		{D92C0320-A676-460C-AE98-3899F7C4172C}.Release|x86.ActiveCfg = Release|x86
		{D92C0320-A676-460C-AE98-3899F7C4172C}.Release|x86.Build.0 = Release|x86
		{D92C0320-A676-460C-AE98-3899F7C4172C}.Release|x86.Deploy.0 = Release|x86
		{222A5025-A70A-430A-9E11-842BDA2C8D29}.Debug|Any CPU.ActiveCfg = Debug|Any CPU
		{222A5025-A70A-430A-9E11-842BDA2C8D29}.Debug|Any CPU.Build.0 = Debug|Any CPU
		{222A5025-A70A-430A-9E11-842BDA2C8D29}.Debug|ARM.ActiveCfg = Debug|Any CPU
		{222A5025-A70A-430A-9E11-842BDA2C8D29}.Debug|ARM.Build.0 = Debug|Any CPU
		{222A5025-A70A-430A-9E11-842BDA2C8D29}.Debug|x64.ActiveCfg = Debug|Any CPU
		{222A5025-A70A-430A-9E11-842BDA2C8D29}.Debug|x64.Build.0 = Debug|Any CPU
		{222A5025-A70A-430A-9E11-842BDA2C8D29}.Debug|x86.ActiveCfg = Debug|Any CPU
		{222A5025-A70A-430A-9E11-842BDA2C8D29}.Debug|x86.Build.0 = Debug|Any CPU
		{222A5025-A70A-430A-9E11-842BDA2C8D29}.Release|Any CPU.ActiveCfg = Release|Any CPU
		{222A5025-A70A-430A-9E11-842BDA2C8D29}.Release|Any CPU.Build.0 = Release|Any CPU
		{222A5025-A70A-430A-9E11-842BDA2C8D29}.Release|ARM.ActiveCfg = Release|Any CPU
		{222A5025-A70A-430A-9E11-842BDA2C8D29}.Release|ARM.Build.0 = Release|Any CPU
		{222A5025-A70A-430A-9E11-842BDA2C8D29}.Release|x64.ActiveCfg = Release|Any CPU
		{222A5025-A70A-430A-9E11-842BDA2C8D29}.Release|x64.Build.0 = Release|Any CPU
		{222A5025-A70A-430A-9E11-842BDA2C8D29}.Release|x86.ActiveCfg = Release|Any CPU
		{222A5025-A70A-430A-9E11-842BDA2C8D29}.Release|x86.Build.0 = Release|Any CPU
	EndGlobalSection
	GlobalSection(SolutionProperties) = preSolution
		HideSolutionNode = FALSE
	EndGlobalSection
	GlobalSection(ExtensibilityGlobals) = postSolution
		SolutionGuid = {4C6149C6-AA1D-4AE3-80C8-F1B6A3059A7F}
	EndGlobalSection
EndGlobal
